
Microsoft Visual Studio Solution File, Format Version 12.00
# Visual Studio Version 16
VisualStudioVersion = 16.0.31205.134
MinimumVisualStudioVersion = 10.0.40219.1
Project("{FAE04EC0-301F-11D3-BF4B-00C04F79EFBC}") = "EscrevendoNoCelular", "EscrevendoNoCelular\EscrevendoNoCelular.csproj", "{54B7BACC-066F-400E-8B13-39FA87178698}"
EndProject
Project("{FAE04EC0-301F-11D3-BF4B-00C04F79EFBC}") = "TesteMensagem", "TesteMensagem\TesteMensagem.csproj", "{5FDA2038-9E63-4614-8EC7-3C176E39B1EC}"
EndProject
Global
	GlobalSection(SolutionConfigurationPlatforms) = preSolution
		Debug|Any CPU = Debug|Any CPU
		Release|Any CPU = Release|Any CPU
	EndGlobalSection
	GlobalSection(ProjectConfigurationPlatforms) = postSolution
		{54B7BACC-066F-400E-8B13-39FA87178698}.Debug|Any CPU.ActiveCfg = Debug|Any CPU
		{54B7BACC-066F-400E-8B13-39FA87178698}.Debug|Any CPU.Build.0 = Debug|Any CPU
		{54B7BACC-066F-400E-8B13-39FA87178698}.Release|Any CPU.ActiveCfg = Release|Any CPU
		{54B7BACC-066F-400E-8B13-39FA87178698}.Release|Any CPU.Build.0 = Release|Any CPU
		{5FDA2038-9E63-4614-8EC7-3C176E39B1EC}.Debug|Any CPU.ActiveCfg = Debug|Any CPU
		{5FDA2038-9E63-4614-8EC7-3C176E39B1EC}.Debug|Any CPU.Build.0 = Debug|Any CPU
		{5FDA2038-9E63-4614-8EC7-3C176E39B1EC}.Release|Any CPU.ActiveCfg = Release|Any CPU
		{5FDA2038-9E63-4614-8EC7-3C176E39B1EC}.Release|Any CPU.Build.0 = Release|Any CPU
	EndGlobalSection
	GlobalSection(SolutionProperties) = preSolution
		HideSolutionNode = FALSE
	EndGlobalSection
	GlobalSection(ExtensibilityGlobals) = postSolution
		SolutionGuid = {7DC606C0-D562-40FB-9684-433AB1728C0F}
	EndGlobalSection
EndGlobal
